// !$*UTF8*$!
{
	archiveVersion = 1;
	classes = {
	};
	objectVersion = 56;
	objects = {

/* Begin PBXBuildFile section */
		0B731AFF2BAE289F00DFECCD /* ScrumdingerApp.swift in Sources */ = {isa = PBXBuildFile; fileRef = 0B731AFE2BAE289F00DFECCD /* ScrumdingerApp.swift */; };
		0B731B012BAE289F00DFECCD /* MeetingView.swift in Sources */ = {isa = PBXBuildFile; fileRef = 0B731B002BAE289F00DFECCD /* MeetingView.swift */; };
		0B731B032BAE28A700DFECCD /* Assets.xcassets in Resources */ = {isa = PBXBuildFile; fileRef = 0B731B022BAE28A700DFECCD /* Assets.xcassets */; };
		0B731B062BAE28A700DFECCD /* Preview Assets.xcassets in Resources */ = {isa = PBXBuildFile; fileRef = 0B731B052BAE28A700DFECCD /* Preview Assets.xcassets */; };
		0B731B102BAE28A800DFECCD /* ScrumdingerTests.swift in Sources */ = {isa = PBXBuildFile; fileRef = 0B731B0F2BAE28A800DFECCD /* ScrumdingerTests.swift */; };
		0B731B1A2BAE28A800DFECCD /* ScrumdingerUITests.swift in Sources */ = {isa = PBXBuildFile; fileRef = 0B731B192BAE28A800DFECCD /* ScrumdingerUITests.swift */; };
		0B731B1C2BAE28A800DFECCD /* ScrumdingerUITestsLaunchTests.swift in Sources */ = {isa = PBXBuildFile; fileRef = 0B731B1B2BAE28A800DFECCD /* ScrumdingerUITestsLaunchTests.swift */; };
		0B731B2A2BAF4B2E00DFECCD /* Theme.swift in Sources */ = {isa = PBXBuildFile; fileRef = 0B731B292BAF4B2E00DFECCD /* Theme.swift */; };
		0B731B2C2BAF4BF400DFECCD /* DailyScrum.swift in Sources */ = {isa = PBXBuildFile; fileRef = 0B731B2B2BAF4BF400DFECCD /* DailyScrum.swift */; };
		0B731B2F2BB1E47300DFECCD /* CardView.swift in Sources */ = {isa = PBXBuildFile; fileRef = 0B731B2E2BB1E47300DFECCD /* CardView.swift */; };
		0B731B312BB1E9F500DFECCD /* TrailingIconLabelStyle.swift in Sources */ = {isa = PBXBuildFile; fileRef = 0B731B302BB1E9F500DFECCD /* TrailingIconLabelStyle.swift */; };
		0BAC896F2BB3648300D83FBC /* ScrumsView.swift in Sources */ = {isa = PBXBuildFile; fileRef = 0BAC896E2BB3648300D83FBC /* ScrumsView.swift */; };
		0BAC89712BB36BE000D83FBC /* DetailView.swift in Sources */ = {isa = PBXBuildFile; fileRef = 0BAC89702BB36BE000D83FBC /* DetailView.swift */; };
/* End PBXBuildFile section */

/* Begin PBXContainerItemProxy section */
		0B731B0C2BAE28A800DFECCD /* PBXContainerItemProxy */ = {
			isa = PBXContainerItemProxy;
			containerPortal = 0B731AF32BAE289F00DFECCD /* Project object */;
			proxyType = 1;
			remoteGlobalIDString = 0B731AFA2BAE289F00DFECCD;
			remoteInfo = Scrumdinger;
		};
		0B731B162BAE28A800DFECCD /* PBXContainerItemProxy */ = {
			isa = PBXContainerItemProxy;
			containerPortal = 0B731AF32BAE289F00DFECCD /* Project object */;
			proxyType = 1;
			remoteGlobalIDString = 0B731AFA2BAE289F00DFECCD;
			remoteInfo = Scrumdinger;
		};
/* End PBXContainerItemProxy section */

/* Begin PBXFileReference section */
		0B731AFB2BAE289F00DFECCD /* Scrumdinger.app */ = {isa = PBXFileReference; explicitFileType = wrapper.application; includeInIndex = 0; path = Scrumdinger.app; sourceTree = BUILT_PRODUCTS_DIR; };
		0B731AFE2BAE289F00DFECCD /* ScrumdingerApp.swift */ = {isa = PBXFileReference; lastKnownFileType = sourcecode.swift; path = ScrumdingerApp.swift; sourceTree = "<group>"; };
		0B731B002BAE289F00DFECCD /* MeetingView.swift */ = {isa = PBXFileReference; lastKnownFileType = sourcecode.swift; path = MeetingView.swift; sourceTree = "<group>"; };
		0B731B022BAE28A700DFECCD /* Assets.xcassets */ = {isa = PBXFileReference; lastKnownFileType = folder.assetcatalog; path = Assets.xcassets; sourceTree = "<group>"; };
		0B731B052BAE28A700DFECCD /* Preview Assets.xcassets */ = {isa = PBXFileReference; lastKnownFileType = folder.assetcatalog; path = "Preview Assets.xcassets"; sourceTree = "<group>"; };
		0B731B0B2BAE28A800DFECCD /* ScrumdingerTests.xctest */ = {isa = PBXFileReference; explicitFileType = wrapper.cfbundle; includeInIndex = 0; path = ScrumdingerTests.xctest; sourceTree = BUILT_PRODUCTS_DIR; };
		0B731B0F2BAE28A800DFECCD /* ScrumdingerTests.swift */ = {isa = PBXFileReference; lastKnownFileType = sourcecode.swift; path = ScrumdingerTests.swift; sourceTree = "<group>"; };
		0B731B152BAE28A800DFECCD /* ScrumdingerUITests.xctest */ = {isa = PBXFileReference; explicitFileType = wrapper.cfbundle; includeInIndex = 0; path = ScrumdingerUITests.xctest; sourceTree = BUILT_PRODUCTS_DIR; };
		0B731B192BAE28A800DFECCD /* ScrumdingerUITests.swift */ = {isa = PBXFileReference; lastKnownFileType = sourcecode.swift; path = ScrumdingerUITests.swift; sourceTree = "<group>"; };
		0B731B1B2BAE28A800DFECCD /* ScrumdingerUITestsLaunchTests.swift */ = {isa = PBXFileReference; lastKnownFileType = sourcecode.swift; path = ScrumdingerUITestsLaunchTests.swift; sourceTree = "<group>"; };
		0B731B292BAF4B2E00DFECCD /* Theme.swift */ = {isa = PBXFileReference; lastKnownFileType = sourcecode.swift; path = Theme.swift; sourceTree = "<group>"; };
		0B731B2B2BAF4BF400DFECCD /* DailyScrum.swift */ = {isa = PBXFileReference; lastKnownFileType = sourcecode.swift; path = DailyScrum.swift; sourceTree = "<group>"; };
		0B731B2E2BB1E47300DFECCD /* CardView.swift */ = {isa = PBXFileReference; lastKnownFileType = sourcecode.swift; path = CardView.swift; sourceTree = "<group>"; };
		0B731B302BB1E9F500DFECCD /* TrailingIconLabelStyle.swift */ = {isa = PBXFileReference; lastKnownFileType = sourcecode.swift; path = TrailingIconLabelStyle.swift; sourceTree = "<group>"; };
		0BAC896E2BB3648300D83FBC /* ScrumsView.swift */ = {isa = PBXFileReference; lastKnownFileType = sourcecode.swift; path = ScrumsView.swift; sourceTree = "<group>"; };
		0BAC89702BB36BE000D83FBC /* DetailView.swift */ = {isa = PBXFileReference; lastKnownFileType = sourcecode.swift; path = DetailView.swift; sourceTree = "<group>"; };
/* End PBXFileReference section */

/* Begin PBXFrameworksBuildPhase section */
		0B731AF82BAE289F00DFECCD /* Frameworks */ = {
			isa = PBXFrameworksBuildPhase;
			buildActionMask = 2147483647;
			files = (
			);
			runOnlyForDeploymentPostprocessing = 0;
		};
		0B731B082BAE28A800DFECCD /* Frameworks */ = {
			isa = PBXFrameworksBuildPhase;
			buildActionMask = 2147483647;
			files = (
			);
			runOnlyForDeploymentPostprocessing = 0;
		};
		0B731B122BAE28A800DFECCD /* Frameworks */ = {
			isa = PBXFrameworksBuildPhase;
			buildActionMask = 2147483647;
			files = (
			);
			runOnlyForDeploymentPostprocessing = 0;
		};
/* End PBXFrameworksBuildPhase section */

/* Begin PBXGroup section */
		0B731AF22BAE289F00DFECCD = {
			isa = PBXGroup;
			children = (
				0B731AFD2BAE289F00DFECCD /* Scrumdinger */,
				0B731B0E2BAE28A800DFECCD /* ScrumdingerTests */,
				0B731B182BAE28A800DFECCD /* ScrumdingerUITests */,
				0B731AFC2BAE289F00DFECCD /* Products */,
			);
			sourceTree = "<group>";
		};
		0B731AFC2BAE289F00DFECCD /* Products */ = {
			isa = PBXGroup;
			children = (
				0B731AFB2BAE289F00DFECCD /* Scrumdinger.app */,
				0B731B0B2BAE28A800DFECCD /* ScrumdingerTests.xctest */,
				0B731B152BAE28A800DFECCD /* ScrumdingerUITests.xctest */,
			);
			name = Products;
			sourceTree = "<group>";
		};
		0B731AFD2BAE289F00DFECCD /* Scrumdinger */ = {
			isa = PBXGroup;
			children = (
				0B731B2D2BB1E46100DFECCD /* Views */,
				0B731B282BAF4B1B00DFECCD /* Models */,
				0B731AFE2BAE289F00DFECCD /* ScrumdingerApp.swift */,
				0B731B022BAE28A700DFECCD /* Assets.xcassets */,
				0B731B042BAE28A700DFECCD /* Preview Content */,
				0B731B302BB1E9F500DFECCD /* TrailingIconLabelStyle.swift */,
			);
			path = Scrumdinger;
			sourceTree = "<group>";
		};
		0B731B042BAE28A700DFECCD /* Preview Content */ = {
			isa = PBXGroup;
			children = (
				0B731B052BAE28A700DFECCD /* Preview Assets.xcassets */,
			);
			path = "Preview Content";
			sourceTree = "<group>";
		};
		0B731B0E2BAE28A800DFECCD /* ScrumdingerTests */ = {
			isa = PBXGroup;
			children = (
				0B731B0F2BAE28A800DFECCD /* ScrumdingerTests.swift */,
			);
			path = ScrumdingerTests;
			sourceTree = "<group>";
		};
		0B731B182BAE28A800DFECCD /* ScrumdingerUITests */ = {
			isa = PBXGroup;
			children = (
				0B731B192BAE28A800DFECCD /* ScrumdingerUITests.swift */,
				0B731B1B2BAE28A800DFECCD /* ScrumdingerUITestsLaunchTests.swift */,
			);
			path = ScrumdingerUITests;
			sourceTree = "<group>";
		};
		0B731B282BAF4B1B00DFECCD /* Models */ = {
			isa = PBXGroup;
			children = (
				0B731B292BAF4B2E00DFECCD /* Theme.swift */,
				0B731B2B2BAF4BF400DFECCD /* DailyScrum.swift */,
			);
			path = Models;
			sourceTree = "<group>";
		};
		0B731B2D2BB1E46100DFECCD /* Views */ = {
			isa = PBXGroup;
			children = (
				0B731B002BAE289F00DFECCD /* MeetingView.swift */,
				0B731B2E2BB1E47300DFECCD /* CardView.swift */,
				0BAC896E2BB3648300D83FBC /* ScrumsView.swift */,
				0BAC89702BB36BE000D83FBC /* DetailView.swift */,
			);
			path = Views;
			sourceTree = "<group>";
		};
/* End PBXGroup section */

/* Begin PBXNativeTarget section */
		0B731AFA2BAE289F00DFECCD /* Scrumdinger */ = {
			isa = PBXNativeTarget;
			buildConfigurationList = 0B731B1F2BAE28A800DFECCD /* Build configuration list for PBXNativeTarget "Scrumdinger" */;
			buildPhases = (
				0B731AF72BAE289F00DFECCD /* Sources */,
				0B731AF82BAE289F00DFECCD /* Frameworks */,
				0B731AF92BAE289F00DFECCD /* Resources */,
			);
			buildRules = (
			);
			dependencies = (
			);
			name = Scrumdinger;
			productName = Scrumdinger;
			productReference = 0B731AFB2BAE289F00DFECCD /* Scrumdinger.app */;
			productType = "com.apple.product-type.application";
		};
		0B731B0A2BAE28A800DFECCD /* ScrumdingerTests */ = {
			isa = PBXNativeTarget;
			buildConfigurationList = 0B731B222BAE28A800DFECCD /* Build configuration list for PBXNativeTarget "ScrumdingerTests" */;
			buildPhases = (
				0B731B072BAE28A800DFECCD /* Sources */,
				0B731B082BAE28A800DFECCD /* Frameworks */,
				0B731B092BAE28A800DFECCD /* Resources */,
			);
			buildRules = (
			);
			dependencies = (
				0B731B0D2BAE28A800DFECCD /* PBXTargetDependency */,
			);
			name = ScrumdingerTests;
			productName = ScrumdingerTests;
			productReference = 0B731B0B2BAE28A800DFECCD /* ScrumdingerTests.xctest */;
			productType = "com.apple.product-type.bundle.unit-test";
		};
		0B731B142BAE28A800DFECCD /* ScrumdingerUITests */ = {
			isa = PBXNativeTarget;
			buildConfigurationList = 0B731B252BAE28A800DFECCD /* Build configuration list for PBXNativeTarget "ScrumdingerUITests" */;
			buildPhases = (
				0B731B112BAE28A800DFECCD /* Sources */,
				0B731B122BAE28A800DFECCD /* Frameworks */,
				0B731B132BAE28A800DFECCD /* Resources */,
			);
			buildRules = (
			);
			dependencies = (
				0B731B172BAE28A800DFECCD /* PBXTargetDependency */,
			);
			name = ScrumdingerUITests;
			productName = ScrumdingerUITests;
			productReference = 0B731B152BAE28A800DFECCD /* ScrumdingerUITests.xctest */;
			productType = "com.apple.product-type.bundle.ui-testing";
		};
/* End PBXNativeTarget section */

/* Begin PBXProject section */
		0B731AF32BAE289F00DFECCD /* Project object */ = {
			isa = PBXProject;
			attributes = {
				BuildIndependentTargetsInParallel = 1;
				LastSwiftUpdateCheck = 1530;
				LastUpgradeCheck = 1530;
				TargetAttributes = {
					0B731AFA2BAE289F00DFECCD = {
						CreatedOnToolsVersion = 15.3;
					};
					0B731B0A2BAE28A800DFECCD = {
						CreatedOnToolsVersion = 15.3;
						TestTargetID = 0B731AFA2BAE289F00DFECCD;
					};
					0B731B142BAE28A800DFECCD = {
						CreatedOnToolsVersion = 15.3;
						TestTargetID = 0B731AFA2BAE289F00DFECCD;
					};
				};
			};
			buildConfigurationList = 0B731AF62BAE289F00DFECCD /* Build configuration list for PBXProject "Scrumdinger" */;
			compatibilityVersion = "Xcode 14.0";
			developmentRegion = en;
			hasScannedForEncodings = 0;
			knownRegions = (
				en,
				Base,
			);
			mainGroup = 0B731AF22BAE289F00DFECCD;
			productRefGroup = 0B731AFC2BAE289F00DFECCD /* Products */;
			projectDirPath = "";
			projectRoot = "";
			targets = (
				0B731AFA2BAE289F00DFECCD /* Scrumdinger */,
				0B731B0A2BAE28A800DFECCD /* ScrumdingerTests */,
				0B731B142BAE28A800DFECCD /* ScrumdingerUITests */,
			);
		};
/* End PBXProject section */

/* Begin PBXResourcesBuildPhase section */
		0B731AF92BAE289F00DFECCD /* Resources */ = {
			isa = PBXResourcesBuildPhase;
			buildActionMask = 2147483647;
			files = (
				0B731B062BAE28A700DFECCD /* Preview Assets.xcassets in Resources */,
				0B731B032BAE28A700DFECCD /* Assets.xcassets in Resources */,
			);
			runOnlyForDeploymentPostprocessing = 0;
		};
		0B731B092BAE28A800DFECCD /* Resources */ = {
			isa = PBXResourcesBuildPhase;
			buildActionMask = 2147483647;
			files = (
			);
			runOnlyForDeploymentPostprocessing = 0;
		};
		0B731B132BAE28A800DFECCD /* Resources */ = {
			isa = PBXResourcesBuildPhase;
			buildActionMask = 2147483647;
			files = (
			);
			runOnlyForDeploymentPostprocessing = 0;
		};
/* End PBXResourcesBuildPhase section */

/* Begin PBXSourcesBuildPhase section */
		0B731AF72BAE289F00DFECCD /* Sources */ = {
			isa = PBXSourcesBuildPhase;
			buildActionMask = 2147483647;
			files = (
				0B731B2C2BAF4BF400DFECCD /* DailyScrum.swift in Sources */,
				0BAC89712BB36BE000D83FBC /* DetailView.swift in Sources */,
				0B731B312BB1E9F500DFECCD /* TrailingIconLabelStyle.swift in Sources */,
				0B731B2A2BAF4B2E00DFECCD /* Theme.swift in Sources */,
				0BAC896F2BB3648300D83FBC /* ScrumsView.swift in Sources */,
				0B731B012BAE289F00DFECCD /* MeetingView.swift in Sources */,
				0B731AFF2BAE289F00DFECCD /* ScrumdingerApp.swift in Sources */,
				0B731B2F2BB1E47300DFECCD /* CardView.swift in Sources */,
			);
			runOnlyForDeploymentPostprocessing = 0;
		};
		0B731B072BAE28A800DFECCD /* Sources */ = {
			isa = PBXSourcesBuildPhase;
			buildActionMask = 2147483647;
			files = (
				0B731B102BAE28A800DFECCD /* ScrumdingerTests.swift in Sources */,
			);
			runOnlyForDeploymentPostprocessing = 0;
		};
		0B731B112BAE28A800DFECCD /* Sources */ = {
			isa = PBXSourcesBuildPhase;
			buildActionMask = 2147483647;
			files = (
				0B731B1C2BAE28A800DFECCD /* ScrumdingerUITestsLaunchTests.swift in Sources */,
				0B731B1A2BAE28A800DFECCD /* ScrumdingerUITests.swift in Sources */,
			);
			runOnlyForDeploymentPostprocessing = 0;
		};
/* End PBXSourcesBuildPhase section */

/* Begin PBXTargetDependency section */
		0B731B0D2BAE28A800DFECCD /* PBXTargetDependency */ = {
			isa = PBXTargetDependency;
			target = 0B731AFA2BAE289F00DFECCD /* Scrumdinger */;
			targetProxy = 0B731B0C2BAE28A800DFECCD /* PBXContainerItemProxy */;
		};
		0B731B172BAE28A800DFECCD /* PBXTargetDependency */ = {
			isa = PBXTargetDependency;
			target = 0B731AFA2BAE289F00DFECCD /* Scrumdinger */;
			targetProxy = 0B731B162BAE28A800DFECCD /* PBXContainerItemProxy */;
		};
/* End PBXTargetDependency section */

/* Begin XCBuildConfiguration section */
		0B731B1D2BAE28A800DFECCD /* Debug */ = {
			isa = XCBuildConfiguration;
			buildSettings = {
				ALWAYS_SEARCH_USER_PATHS = NO;
				ASSETCATALOG_COMPILER_GENERATE_SWIFT_ASSET_SYMBOL_EXTENSIONS = YES;
				CLANG_ANALYZER_NONNULL = YES;
				CLANG_ANALYZER_NUMBER_OBJECT_CONVERSION = YES_AGGRESSIVE;
				CLANG_CXX_LANGUAGE_STANDARD = "gnu++20";
				CLANG_ENABLE_MODULES = YES;
				CLANG_ENABLE_OBJC_ARC = YES;
				CLANG_ENABLE_OBJC_WEAK = YES;
				CLANG_WARN_BLOCK_CAPTURE_AUTORELEASING = YES;
				CLANG_WARN_BOOL_CONVERSION = YES;
				CLANG_WARN_COMMA = YES;
				CLANG_WARN_CONSTANT_CONVERSION = YES;
				CLANG_WARN_DEPRECATED_OBJC_IMPLEMENTATIONS = YES;
				CLANG_WARN_DIRECT_OBJC_ISA_USAGE = YES_ERROR;
				CLANG_WARN_DOCUMENTATION_COMMENTS = YES;
				CLANG_WARN_EMPTY_BODY = YES;
				CLANG_WARN_ENUM_CONVERSION = YES;
				CLANG_WARN_INFINITE_RECURSION = YES;
				CLANG_WARN_INT_CONVERSION = YES;
				CLANG_WARN_NON_LITERAL_NULL_CONVERSION = YES;
				CLANG_WARN_OBJC_IMPLICIT_RETAIN_SELF = YES;
				CLANG_WARN_OBJC_LITERAL_CONVERSION = YES;
				CLANG_WARN_OBJC_ROOT_CLASS = YES_ERROR;
				CLANG_WARN_QUOTED_INCLUDE_IN_FRAMEWORK_HEADER = YES;
				CLANG_WARN_RANGE_LOOP_ANALYSIS = YES;
				CLANG_WARN_STRICT_PROTOTYPES = YES;
				CLANG_WARN_SUSPICIOUS_MOVE = YES;
				CLANG_WARN_UNGUARDED_AVAILABILITY = YES_AGGRESSIVE;
				CLANG_WARN_UNREACHABLE_CODE = YES;
				CLANG_WARN__DUPLICATE_METHOD_MATCH = YES;
				COPY_PHASE_STRIP = NO;
				DEBUG_INFORMATION_FORMAT = dwarf;
				ENABLE_STRICT_OBJC_MSGSEND = YES;
				ENABLE_TESTABILITY = YES;
				ENABLE_USER_SCRIPT_SANDBOXING = YES;
				GCC_C_LANGUAGE_STANDARD = gnu17;
				GCC_DYNAMIC_NO_PIC = NO;
				GCC_NO_COMMON_BLOCKS = YES;
				GCC_OPTIMIZATION_LEVEL = 0;
				GCC_PREPROCESSOR_DEFINITIONS = (
					"DEBUG=1",
					"$(inherited)",
				);
				GCC_WARN_64_TO_32_BIT_CONVERSION = YES;
				GCC_WARN_ABOUT_RETURN_TYPE = YES_ERROR;
				GCC_WARN_UNDECLARED_SELECTOR = YES;
				GCC_WARN_UNINITIALIZED_AUTOS = YES_AGGRESSIVE;
				GCC_WARN_UNUSED_FUNCTION = YES;
				GCC_WARN_UNUSED_VARIABLE = YES;
				IPHONEOS_DEPLOYMENT_TARGET = 17.4;
				LOCALIZATION_PREFERS_STRING_CATALOGS = YES;
				MTL_ENABLE_DEBUG_INFO = INCLUDE_SOURCE;
				MTL_FAST_MATH = YES;
				ONLY_ACTIVE_ARCH = YES;
				SDKROOT = iphoneos;
				SWIFT_ACTIVE_COMPILATION_CONDITIONS = "DEBUG $(inherited)";
				SWIFT_OPTIMIZATION_LEVEL = "-Onone";
			};
			name = Debug;
		};
		0B731B1E2BAE28A800DFECCD /* Release */ = {
			isa = XCBuildConfiguration;
			buildSettings = {
				ALWAYS_SEARCH_USER_PATHS = NO;
				ASSETCATALOG_COMPILER_GENERATE_SWIFT_ASSET_SYMBOL_EXTENSIONS = YES;
				CLANG_ANALYZER_NONNULL = YES;
				CLANG_ANALYZER_NUMBER_OBJECT_CONVERSION = YES_AGGRESSIVE;
				CLANG_CXX_LANGUAGE_STANDARD = "gnu++20";
				CLANG_ENABLE_MODULES = YES;
				CLANG_ENABLE_OBJC_ARC = YES;
				CLANG_ENABLE_OBJC_WEAK = YES;
				CLANG_WARN_BLOCK_CAPTURE_AUTORELEASING = YES;
				CLANG_WARN_BOOL_CONVERSION = YES;
				CLANG_WARN_COMMA = YES;
				CLANG_WARN_CONSTANT_CONVERSION = YES;
				CLANG_WARN_DEPRECATED_OBJC_IMPLEMENTATIONS = YES;
				CLANG_WARN_DIRECT_OBJC_ISA_USAGE = YES_ERROR;
				CLANG_WARN_DOCUMENTATION_COMMENTS = YES;
				CLANG_WARN_EMPTY_BODY = YES;
				CLANG_WARN_ENUM_CONVERSION = YES;
				CLANG_WARN_INFINITE_RECURSION = YES;
				CLANG_WARN_INT_CONVERSION = YES;
				CLANG_WARN_NON_LITERAL_NULL_CONVERSION = YES;
				CLANG_WARN_OBJC_IMPLICIT_RETAIN_SELF = YES;
				CLANG_WARN_OBJC_LITERAL_CONVERSION = YES;
				CLANG_WARN_OBJC_ROOT_CLASS = YES_ERROR;
				CLANG_WARN_QUOTED_INCLUDE_IN_FRAMEWORK_HEADER = YES;
				CLANG_WARN_RANGE_LOOP_ANALYSIS = YES;
				CLANG_WARN_STRICT_PROTOTYPES = YES;
				CLANG_WARN_SUSPICIOUS_MOVE = YES;
				CLANG_WARN_UNGUARDED_AVAILABILITY = YES_AGGRESSIVE;
				CLANG_WARN_UNREACHABLE_CODE = YES;
				CLANG_WARN__DUPLICATE_METHOD_MATCH = YES;
				COPY_PHASE_STRIP = NO;
				DEBUG_INFORMATION_FORMAT = "dwarf-with-dsym";
				ENABLE_NS_ASSERTIONS = NO;
				ENABLE_STRICT_OBJC_MSGSEND = YES;
				ENABLE_USER_SCRIPT_SANDBOXING = YES;
				GCC_C_LANGUAGE_STANDARD = gnu17;
				GCC_NO_COMMON_BLOCKS = YES;
				GCC_WARN_64_TO_32_BIT_CONVERSION = YES;
				GCC_WARN_ABOUT_RETURN_TYPE = YES_ERROR;
				GCC_WARN_UNDECLARED_SELECTOR = YES;
				GCC_WARN_UNINITIALIZED_AUTOS = YES_AGGRESSIVE;
				GCC_WARN_UNUSED_FUNCTION = YES;
				GCC_WARN_UNUSED_VARIABLE = YES;
				IPHONEOS_DEPLOYMENT_TARGET = 17.4;
				LOCALIZATION_PREFERS_STRING_CATALOGS = YES;
				MTL_ENABLE_DEBUG_INFO = NO;
				MTL_FAST_MATH = YES;
				SDKROOT = iphoneos;
				SWIFT_COMPILATION_MODE = wholemodule;
				VALIDATE_PRODUCT = YES;
			};
			name = Release;
		};
		0B731B202BAE28A800DFECCD /* Debug */ = {
			isa = XCBuildConfiguration;
			buildSettings = {
				ASSETCATALOG_COMPILER_APPICON_NAME = AppIcon;
				ASSETCATALOG_COMPILER_GLOBAL_ACCENT_COLOR_NAME = AccentColor;
				CODE_SIGN_STYLE = Automatic;
				CURRENT_PROJECT_VERSION = 1;
				DEVELOPMENT_ASSET_PATHS = "\"Scrumdinger/Preview Content\"";
				DEVELOPMENT_TEAM = E3ZSDPCDKZ;
				ENABLE_PREVIEWS = YES;
				GENERATE_INFOPLIST_FILE = YES;
				INFOPLIST_KEY_UIApplicationSceneManifest_Generation = YES;
				INFOPLIST_KEY_UIApplicationSupportsIndirectInputEvents = YES;
				INFOPLIST_KEY_UILaunchScreen_Generation = YES;
				INFOPLIST_KEY_UISupportedInterfaceOrientations_iPad = "UIInterfaceOrientationPortrait UIInterfaceOrientationPortraitUpsideDown UIInterfaceOrientationLandscapeLeft UIInterfaceOrientationLandscapeRight";
				INFOPLIST_KEY_UISupportedInterfaceOrientations_iPhone = "UIInterfaceOrientationPortrait UIInterfaceOrientationLandscapeLeft UIInterfaceOrientationLandscapeRight";
				LD_RUNPATH_SEARCH_PATHS = (
					"$(inherited)",
					"@executable_path/Frameworks",
				);
				MARKETING_VERSION = 1.0;
				PRODUCT_BUNDLE_IDENTIFIER = com.wolesolana.Scrumdinger;
				PRODUCT_NAME = "$(TARGET_NAME)";
				SWIFT_EMIT_LOC_STRINGS = YES;
				SWIFT_VERSION = 5.0;
				TARGETED_DEVICE_FAMILY = "1,2";
			};
			name = Debug;
		};
		0B731B212BAE28A800DFECCD /* Release */ = {
			isa = XCBuildConfiguration;
			buildSettings = {
				ASSETCATALOG_COMPILER_APPICON_NAME = AppIcon;
				ASSETCATALOG_COMPILER_GLOBAL_ACCENT_COLOR_NAME = AccentColor;
				CODE_SIGN_STYLE = Automatic;
				CURRENT_PROJECT_VERSION = 1;
				DEVELOPMENT_ASSET_PATHS = "\"Scrumdinger/Preview Content\"";
				DEVELOPMENT_TEAM = E3ZSDPCDKZ;
				ENABLE_PREVIEWS = YES;
				GENERATE_INFOPLIST_FILE = YES;
				INFOPLIST_KEY_UIApplicationSceneManifest_Generation = YES;
				INFOPLIST_KEY_UIApplicationSupportsIndirectInputEvents = YES;
				INFOPLIST_KEY_UILaunchScreen_Generation = YES;
				INFOPLIST_KEY_UISupportedInterfaceOrientations_iPad = "UIInterfaceOrientationPortrait UIInterfaceOrientationPortraitUpsideDown UIInterfaceOrientationLandscapeLeft UIInterfaceOrientationLandscapeRight";
				INFOPLIST_KEY_UISupportedInterfaceOrientations_iPhone = "UIInterfaceOrientationPortrait UIInterfaceOrientationLandscapeLeft UIInterfaceOrientationLandscapeRight";
				LD_RUNPATH_SEARCH_PATHS = (
					"$(inherited)",
					"@executable_path/Frameworks",
				);
				MARKETING_VERSION = 1.0;
				PRODUCT_BUNDLE_IDENTIFIER = com.wolesolana.Scrumdinger;
				PRODUCT_NAME = "$(TARGET_NAME)";
				SWIFT_EMIT_LOC_STRINGS = YES;
				SWIFT_VERSION = 5.0;
				TARGETED_DEVICE_FAMILY = "1,2";
			};
			name = Release;
		};
		0B731B232BAE28A800DFECCD /* Debug */ = {
			isa = XCBuildConfiguration;
			buildSettings = {
				ALWAYS_EMBED_SWIFT_STANDARD_LIBRARIES = YES;
				BUNDLE_LOADER = "$(TEST_HOST)";
				CODE_SIGN_STYLE = Automatic;
				CURRENT_PROJECT_VERSION = 1;
				DEVELOPMENT_TEAM = E3ZSDPCDKZ;
				GENERATE_INFOPLIST_FILE = YES;
				IPHONEOS_DEPLOYMENT_TARGET = 17.4;
				MARKETING_VERSION = 1.0;
				PRODUCT_BUNDLE_IDENTIFIER = com.wolesolana.ScrumdingerTests;
				PRODUCT_NAME = "$(TARGET_NAME)";
				SWIFT_EMIT_LOC_STRINGS = NO;
				SWIFT_VERSION = 5.0;
				TARGETED_DEVICE_FAMILY = "1,2";
				TEST_HOST = "$(BUILT_PRODUCTS_DIR)/Scrumdinger.app/$(BUNDLE_EXECUTABLE_FOLDER_PATH)/Scrumdinger";
			};
			name = Debug;
		};
		0B731B242BAE28A800DFECCD /* Release */ = {
			isa = XCBuildConfiguration;
			buildSettings = {
				ALWAYS_EMBED_SWIFT_STANDARD_LIBRARIES = YES;
				BUNDLE_LOADER = "$(TEST_HOST)";
				CODE_SIGN_STYLE = Automatic;
				CURRENT_PROJECT_VERSION = 1;
				DEVELOPMENT_TEAM = E3ZSDPCDKZ;
				GENERATE_INFOPLIST_FILE = YES;
				IPHONEOS_DEPLOYMENT_TARGET = 17.4;
				MARKETING_VERSION = 1.0;
				PRODUCT_BUNDLE_IDENTIFIER = com.wolesolana.ScrumdingerTests;
				PRODUCT_NAME = "$(TARGET_NAME)";
				SWIFT_EMIT_LOC_STRINGS = NO;
				SWIFT_VERSION = 5.0;
				TARGETED_DEVICE_FAMILY = "1,2";
				TEST_HOST = "$(BUILT_PRODUCTS_DIR)/Scrumdinger.app/$(BUNDLE_EXECUTABLE_FOLDER_PATH)/Scrumdinger";
			};
			name = Release;
		};
		0B731B262BAE28A800DFECCD /* Debug */ = {
			isa = XCBuildConfiguration;
			buildSettings = {
				ALWAYS_EMBED_SWIFT_STANDARD_LIBRARIES = YES;
				CODE_SIGN_STYLE = Automatic;
				CURRENT_PROJECT_VERSION = 1;
				DEVELOPMENT_TEAM = E3ZSDPCDKZ;
				GENERATE_INFOPLIST_FILE = YES;
				MARKETING_VERSION = 1.0;
				PRODUCT_BUNDLE_IDENTIFIER = com.wolesolana.ScrumdingerUITests;
				PRODUCT_NAME = "$(TARGET_NAME)";
				SWIFT_EMIT_LOC_STRINGS = NO;
				SWIFT_VERSION = 5.0;
				TARGETED_DEVICE_FAMILY = "1,2";
				TEST_TARGET_NAME = Scrumdinger;
			};
			name = Debug;
		};
		0B731B272BAE28A800DFECCD /* Release */ = {
			isa = XCBuildConfiguration;
			buildSettings = {
				ALWAYS_EMBED_SWIFT_STANDARD_LIBRARIES = YES;
				CODE_SIGN_STYLE = Automatic;
				CURRENT_PROJECT_VERSION = 1;
				DEVELOPMENT_TEAM = E3ZSDPCDKZ;
				GENERATE_INFOPLIST_FILE = YES;
				MARKETING_VERSION = 1.0;
				PRODUCT_BUNDLE_IDENTIFIER = com.wolesolana.ScrumdingerUITests;
				PRODUCT_NAME = "$(TARGET_NAME)";
				SWIFT_EMIT_LOC_STRINGS = NO;
				SWIFT_VERSION = 5.0;
				TARGETED_DEVICE_FAMILY = "1,2";
				TEST_TARGET_NAME = Scrumdinger;
			};
			name = Release;
		};
/* End XCBuildConfiguration section */

/* Begin XCConfigurationList section */
		0B731AF62BAE289F00DFECCD /* Build configuration list for PBXProject "Scrumdinger" */ = {
			isa = XCConfigurationList;
			buildConfigurations = (
				0B731B1D2BAE28A800DFECCD /* Debug */,
				0B731B1E2BAE28A800DFECCD /* Release */,
			);
			defaultConfigurationIsVisible = 0;
			defaultConfigurationName = Release;
		};
		0B731B1F2BAE28A800DFECCD /* Build configuration list for PBXNativeTarget "Scrumdinger" */ = {
			isa = XCConfigurationList;
			buildConfigurations = (
				0B731B202BAE28A800DFECCD /* Debug */,
				0B731B212BAE28A800DFECCD /* Release */,
			);
			defaultConfigurationIsVisible = 0;
			defaultConfigurationName = Release;
		};
		0B731B222BAE28A800DFECCD /* Build configuration list for PBXNativeTarget "ScrumdingerTests" */ = {
			isa = XCConfigurationList;
			buildConfigurations = (
				0B731B232BAE28A800DFECCD /* Debug */,
				0B731B242BAE28A800DFECCD /* Release */,
			);
			defaultConfigurationIsVisible = 0;
			defaultConfigurationName = Release;
		};
		0B731B252BAE28A800DFECCD /* Build configuration list for PBXNativeTarget "ScrumdingerUITests" */ = {
			isa = XCConfigurationList;
			buildConfigurations = (
				0B731B262BAE28A800DFECCD /* Debug */,
				0B731B272BAE28A800DFECCD /* Release */,
			);
			defaultConfigurationIsVisible = 0;
			defaultConfigurationName = Release;
		};
/* End XCConfigurationList section */
	};
	rootObject = 0B731AF32BAE289F00DFECCD /* Project object */;
}
